// !$*UTF8*$!
{
	archiveVersion = 1;
	classes = {
	};
	objectVersion = 46;
	objects = {

/* Begin PBXBuildFile section */
		1625660B1B2BE6C700E1AC12 /* AppDelegate.swift in Sources */ = {isa = PBXBuildFile; fileRef = 1625660A1B2BE6C700E1AC12 /* AppDelegate.swift */; };
		1625660E1B2BE6C700E1AC12 /* Foodo.xcdatamodeld in Sources */ = {isa = PBXBuildFile; fileRef = 1625660C1B2BE6C700E1AC12 /* Foodo.xcdatamodeld */; };
		162566101B2BE6C700E1AC12 /* ViewController.swift in Sources */ = {isa = PBXBuildFile; fileRef = 1625660F1B2BE6C700E1AC12 /* ViewController.swift */; };
		162566131B2BE6C700E1AC12 /* Main.storyboard in Resources */ = {isa = PBXBuildFile; fileRef = 162566111B2BE6C700E1AC12 /* Main.storyboard */; };
		162566151B2BE6C700E1AC12 /* Images.xcassets in Resources */ = {isa = PBXBuildFile; fileRef = 162566141B2BE6C700E1AC12 /* Images.xcassets */; };
		162566181B2BE6C700E1AC12 /* LaunchScreen.xib in Resources */ = {isa = PBXBuildFile; fileRef = 162566161B2BE6C700E1AC12 /* LaunchScreen.xib */; };
		162566241B2BE6C700E1AC12 /* FoodoTests.swift in Sources */ = {isa = PBXBuildFile; fileRef = 162566231B2BE6C700E1AC12 /* FoodoTests.swift */; };
/* End PBXBuildFile section */

/* Begin PBXContainerItemProxy section */
		1625661E1B2BE6C700E1AC12 /* PBXContainerItemProxy */ = {
			isa = PBXContainerItemProxy;
			containerPortal = 162565FD1B2BE6C600E1AC12 /* Project object */;
			proxyType = 1;
			remoteGlobalIDString = 162566041B2BE6C700E1AC12;
			remoteInfo = Foodo;
		};
/* End PBXContainerItemProxy section */

/* Begin PBXFileReference section */
		162566051B2BE6C700E1AC12 /* Foodo.app */ = {isa = PBXFileReference; explicitFileType = wrapper.application; includeInIndex = 0; path = Foodo.app; sourceTree = BUILT_PRODUCTS_DIR; };
		162566091B2BE6C700E1AC12 /* Info.plist */ = {isa = PBXFileReference; lastKnownFileType = text.plist.xml; path = Info.plist; sourceTree = "<group>"; };
		1625660A1B2BE6C700E1AC12 /* AppDelegate.swift */ = {isa = PBXFileReference; lastKnownFileType = sourcecode.swift; path = AppDelegate.swift; sourceTree = "<group>"; };
		1625660D1B2BE6C700E1AC12 /* Foodo.xcdatamodel */ = {isa = PBXFileReference; lastKnownFileType = wrapper.xcdatamodel; path = Foodo.xcdatamodel; sourceTree = "<group>"; };
		1625660F1B2BE6C700E1AC12 /* ViewController.swift */ = {isa = PBXFileReference; lastKnownFileType = sourcecode.swift; path = ViewController.swift; sourceTree = "<group>"; };
		162566121B2BE6C700E1AC12 /* Base */ = {isa = PBXFileReference; lastKnownFileType = file.storyboard; name = Base; path = Base.lproj/Main.storyboard; sourceTree = "<group>"; };
		162566141B2BE6C700E1AC12 /* Images.xcassets */ = {isa = PBXFileReference; lastKnownFileType = folder.assetcatalog; path = Images.xcassets; sourceTree = "<group>"; };
		162566171B2BE6C700E1AC12 /* Base */ = {isa = PBXFileReference; lastKnownFileType = file.xib; name = Base; path = Base.lproj/LaunchScreen.xib; sourceTree = "<group>"; };
		1625661D1B2BE6C700E1AC12 /* FoodoTests.xctest */ = {isa = PBXFileReference; explicitFileType = wrapper.cfbundle; includeInIndex = 0; path = FoodoTests.xctest; sourceTree = BUILT_PRODUCTS_DIR; };
		162566221B2BE6C700E1AC12 /* Info.plist */ = {isa = PBXFileReference; lastKnownFileType = text.plist.xml; path = Info.plist; sourceTree = "<group>"; };
		162566231B2BE6C700E1AC12 /* FoodoTests.swift */ = {isa = PBXFileReference; lastKnownFileType = sourcecode.swift; path = FoodoTests.swift; sourceTree = "<group>"; };
/* End PBXFileReference section */

/* Begin PBXFrameworksBuildPhase section */
		162566021B2BE6C700E1AC12 /* Frameworks */ = {
			isa = PBXFrameworksBuildPhase;
			buildActionMask = 2147483647;
			files = (
			);
			runOnlyForDeploymentPostprocessing = 0;
		};
		1625661A1B2BE6C700E1AC12 /* Frameworks */ = {
			isa = PBXFrameworksBuildPhase;
			buildActionMask = 2147483647;
			files = (
			);
			runOnlyForDeploymentPostprocessing = 0;
		};
/* End PBXFrameworksBuildPhase section */

/* Begin PBXGroup section */
		162565FC1B2BE6C600E1AC12 = {
			isa = PBXGroup;
			children = (
				162566071B2BE6C700E1AC12 /* Foodo */,
				162566201B2BE6C700E1AC12 /* FoodoTests */,
				162566061B2BE6C700E1AC12 /* Products */,
			);
			sourceTree = "<group>";
		};
		162566061B2BE6C700E1AC12 /* Products */ = {
			isa = PBXGroup;
			children = (
				162566051B2BE6C700E1AC12 /* Foodo.app */,
				1625661D1B2BE6C700E1AC12 /* FoodoTests.xctest */,
			);
			name = Products;
			sourceTree = "<group>";
		};
		162566071B2BE6C700E1AC12 /* Foodo */ = {
			isa = PBXGroup;
			children = (
				1625660A1B2BE6C700E1AC12 /* AppDelegate.swift */,
				1625660F1B2BE6C700E1AC12 /* ViewController.swift */,
				162566111B2BE6C700E1AC12 /* Main.storyboard */,
				162566141B2BE6C700E1AC12 /* Images.xcassets */,
				162566161B2BE6C700E1AC12 /* LaunchScreen.xib */,
				1625660C1B2BE6C700E1AC12 /* Foodo.xcdatamodeld */,
				162566081B2BE6C700E1AC12 /* Supporting Files */,
			);
			path = Foodo;
			sourceTree = "<group>";
		};
		162566081B2BE6C700E1AC12 /* Supporting Files */ = {
			isa = PBXGroup;
			children = (
				162566091B2BE6C700E1AC12 /* Info.plist */,
			);
			name = "Supporting Files";
			sourceTree = "<group>";
		};
		162566201B2BE6C700E1AC12 /* FoodoTests */ = {
			isa = PBXGroup;
			children = (
				162566231B2BE6C700E1AC12 /* FoodoTests.swift */,
				162566211B2BE6C700E1AC12 /* Supporting Files */,
			);
			path = FoodoTests;
			sourceTree = "<group>";
		};
		162566211B2BE6C700E1AC12 /* Supporting Files */ = {
			isa = PBXGroup;
			children = (
				162566221B2BE6C700E1AC12 /* Info.plist */,
			);
			name = "Supporting Files";
			sourceTree = "<group>";
		};
/* End PBXGroup section */

/* Begin PBXNativeTarget section */
		162566041B2BE6C700E1AC12 /* Foodo */ = {
			isa = PBXNativeTarget;
			buildConfigurationList = 162566271B2BE6C700E1AC12 /* Build configuration list for PBXNativeTarget "Foodo" */;
			buildPhases = (
				162566011B2BE6C700E1AC12 /* Sources */,
				162566021B2BE6C700E1AC12 /* Frameworks */,
				162566031B2BE6C700E1AC12 /* Resources */,
			);
			buildRules = (
			);
			dependencies = (
			);
			name = Foodo;
			productName = Foodo;
			productReference = 162566051B2BE6C700E1AC12 /* Foodo.app */;
			productType = "com.apple.product-type.application";
		};
		1625661C1B2BE6C700E1AC12 /* FoodoTests */ = {
			isa = PBXNativeTarget;
			buildConfigurationList = 1625662A1B2BE6C700E1AC12 /* Build configuration list for PBXNativeTarget "FoodoTests" */;
			buildPhases = (
				162566191B2BE6C700E1AC12 /* Sources */,
				1625661A1B2BE6C700E1AC12 /* Frameworks */,
				1625661B1B2BE6C700E1AC12 /* Resources */,
			);
			buildRules = (
			);
			dependencies = (
				1625661F1B2BE6C700E1AC12 /* PBXTargetDependency */,
			);
			name = FoodoTests;
			productName = FoodoTests;
			productReference = 1625661D1B2BE6C700E1AC12 /* FoodoTests.xctest */;
			productType = "com.apple.product-type.bundle.unit-test";
		};
/* End PBXNativeTarget section */

/* Begin PBXProject section */
		162565FD1B2BE6C600E1AC12 /* Project object */ = {
			isa = PBXProject;
			attributes = {
				LastUpgradeCheck = 0630;
				ORGANIZATIONNAME = AHKL2015;
				TargetAttributes = {
					162566041B2BE6C700E1AC12 = {
						CreatedOnToolsVersion = 6.3.2;
					};
					1625661C1B2BE6C700E1AC12 = {
						CreatedOnToolsVersion = 6.3.2;
						TestTargetID = 162566041B2BE6C700E1AC12;
					};
				};
			};
			buildConfigurationList = 162566001B2BE6C600E1AC12 /* Build configuration list for PBXProject "Foodo" */;
			compatibilityVersion = "Xcode 3.2";
			developmentRegion = English;
			hasScannedForEncodings = 0;
			knownRegions = (
				en,
				Base,
			);
			mainGroup = 162565FC1B2BE6C600E1AC12;
			productRefGroup = 162566061B2BE6C700E1AC12 /* Products */;
			projectDirPath = "";
			projectRoot = "";
			targets = (
				162566041B2BE6C700E1AC12 /* Foodo */,
				1625661C1B2BE6C700E1AC12 /* FoodoTests */,
			);
		};
/* End PBXProject section */

/* Begin PBXResourcesBuildPhase section */
		162566031B2BE6C700E1AC12 /* Resources */ = {
			isa = PBXResourcesBuildPhase;
			buildActionMask = 2147483647;
			files = (
				162566131B2BE6C700E1AC12 /* Main.storyboard in Resources */,
				162566181B2BE6C700E1AC12 /* LaunchScreen.xib in Resources */,
				162566151B2BE6C700E1AC12 /* Images.xcassets in Resources */,
			);
			runOnlyForDeploymentPostprocessing = 0;
		};
		1625661B1B2BE6C700E1AC12 /* Resources */ = {
			isa = PBXResourcesBuildPhase;
			buildActionMask = 2147483647;
			files = (
			);
			runOnlyForDeploymentPostprocessing = 0;
		};
/* End PBXResourcesBuildPhase section */

/* Begin PBXSourcesBuildPhase section */
		162566011B2BE6C700E1AC12 /* Sources */ = {
			isa = PBXSourcesBuildPhase;
			buildActionMask = 2147483647;
			files = (
				162566101B2BE6C700E1AC12 /* ViewController.swift in Sources */,
				1625660B1B2BE6C700E1AC12 /* AppDelegate.swift in Sources */,
				1625660E1B2BE6C700E1AC12 /* Foodo.xcdatamodeld in Sources */,
			);
			runOnlyForDeploymentPostprocessing = 0;
		};
		162566191B2BE6C700E1AC12 /* Sources */ = {
			isa = PBXSourcesBuildPhase;
			buildActionMask = 2147483647;
			files = (
				162566241B2BE6C700E1AC12 /* FoodoTests.swift in Sources */,
			);
			runOnlyForDeploymentPostprocessing = 0;
		};
/* End PBXSourcesBuildPhase section */

/* Begin PBXTargetDependency section */
		1625661F1B2BE6C700E1AC12 /* PBXTargetDependency */ = {
			isa = PBXTargetDependency;
			target = 162566041B2BE6C700E1AC12 /* Foodo */;
			targetProxy = 1625661E1B2BE6C700E1AC12 /* PBXContainerItemProxy */;
		};
/* End PBXTargetDependency section */

/* Begin PBXVariantGroup section */
		162566111B2BE6C700E1AC12 /* Main.storyboard */ = {
			isa = PBXVariantGroup;
			children = (
				162566121B2BE6C700E1AC12 /* Base */,
			);
			name = Main.storyboard;
			sourceTree = "<group>";
		};
		162566161B2BE6C700E1AC12 /* LaunchScreen.xib */ = {
			isa = PBXVariantGroup;
			children = (
				162566171B2BE6C700E1AC12 /* Base */,
			);
			name = LaunchScreen.xib;
			sourceTree = "<group>";
		};
/* End PBXVariantGroup section */

/* Begin XCBuildConfiguration section */
		162566251B2BE6C700E1AC12 /* Debug */ = {
			isa = XCBuildConfiguration;
			buildSettings = {
				ALWAYS_SEARCH_USER_PATHS = NO;
				CLANG_CXX_LANGUAGE_STANDARD = "gnu++0x";
				CLANG_CXX_LIBRARY = "libc++";
				CLANG_ENABLE_MODULES = YES;
				CLANG_ENABLE_OBJC_ARC = YES;
				CLANG_WARN_BOOL_CONVERSION = YES;
				CLANG_WARN_CONSTANT_CONVERSION = YES;
				CLANG_WARN_DIRECT_OBJC_ISA_USAGE = YES_ERROR;
				CLANG_WARN_EMPTY_BODY = YES;
				CLANG_WARN_ENUM_CONVERSION = YES;
				CLANG_WARN_INT_CONVERSION = YES;
				CLANG_WARN_OBJC_ROOT_CLASS = YES_ERROR;
				CLANG_WARN_UNREACHABLE_CODE = YES;
				CLANG_WARN__DUPLICATE_METHOD_MATCH = YES;
				"CODE_SIGN_IDENTITY[sdk=iphoneos*]" = "iPhone Developer";
				COPY_PHASE_STRIP = NO;
				DEBUG_INFORMATION_FORMAT = "dwarf-with-dsym";
				ENABLE_STRICT_OBJC_MSGSEND = YES;
				GCC_C_LANGUAGE_STANDARD = gnu99;
				GCC_DYNAMIC_NO_PIC = NO;
				GCC_NO_COMMON_BLOCKS = YES;
				GCC_OPTIMIZATION_LEVEL = 0;
				GCC_PREPROCESSOR_DEFINITIONS = (
					"DEBUG=1",
					"$(inherited)",
				);
				GCC_SYMBOLS_PRIVATE_EXTERN = NO;
				GCC_WARN_64_TO_32_BIT_CONVERSION = YES;
				GCC_WARN_ABOUT_RETURN_TYPE = YES_ERROR;
				GCC_WARN_UNDECLARED_SELECTOR = YES;
				GCC_WARN_UNINITIALIZED_AUTOS = YES_AGGRESSIVE;
				GCC_WARN_UNUSED_FUNCTION = YES;
				GCC_WARN_UNUSED_VARIABLE = YES;
				IPHONEOS_DEPLOYMENT_TARGET = 8.3;
				MTL_ENABLE_DEBUG_INFO = YES;
				ONLY_ACTIVE_ARCH = YES;
				SDKROOT = iphoneos;
				SWIFT_OPTIMIZATION_LEVEL = "-Onone";
			};
			name = Debug;
		};
		162566261B2BE6C700E1AC12 /* Release */ = {
			isa = XCBuildConfiguration;
			buildSettings = {
				ALWAYS_SEARCH_USER_PATHS = NO;
				CLANG_CXX_LANGUAGE_STANDARD = "gnu++0x";
				CLANG_CXX_LIBRARY = "libc++";
				CLANG_ENABLE_MODULES = YES;
				CLANG_ENABLE_OBJC_ARC = YES;
				CLANG_WARN_BOOL_CONVERSION = YES;
				CLANG_WARN_CONSTANT_CONVERSION = YES;
				CLANG_WARN_DIRECT_OBJC_ISA_USAGE = YES_ERROR;
				CLANG_WARN_EMPTY_BODY = YES;
				CLANG_WARN_ENUM_CONVERSION = YES;
				CLANG_WARN_INT_CONVERSION = YES;
				CLANG_WARN_OBJC_ROOT_CLASS = YES_ERROR;
				CLANG_WARN_UNREACHABLE_CODE = YES;
				CLANG_WARN__DUPLICATE_METHOD_MATCH = YES;
				"CODE_SIGN_IDENTITY[sdk=iphoneos*]" = "iPhone Developer";
				COPY_PHASE_STRIP = NO;
				DEBUG_INFORMATION_FORMAT = "dwarf-with-dsym";
				ENABLE_NS_ASSERTIONS = NO;
				ENABLE_STRICT_OBJC_MSGSEND = YES;
				GCC_C_LANGUAGE_STANDARD = gnu99;
				GCC_NO_COMMON_BLOCKS = YES;
				GCC_WARN_64_TO_32_BIT_CONVERSION = YES;
				GCC_WARN_ABOUT_RETURN_TYPE = YES_ERROR;
				GCC_WARN_UNDECLARED_SELECTOR = YES;
				GCC_WARN_UNINITIALIZED_AUTOS = YES_AGGRESSIVE;
				GCC_WARN_UNUSED_FUNCTION = YES;
				GCC_WARN_UNUSED_VARIABLE = YES;
				IPHONEOS_DEPLOYMENT_TARGET = 8.3;
				MTL_ENABLE_DEBUG_INFO = NO;
				SDKROOT = iphoneos;
				VALIDATE_PRODUCT = YES;
			};
			name = Release;
		};
		162566281B2BE6C700E1AC12 /* Debug */ = {
			isa = XCBuildConfiguration;
			buildSettings = {
				ASSETCATALOG_COMPILER_APPICON_NAME = AppIcon;
				INFOPLIST_FILE = Foodo/Info.plist;
				LD_RUNPATH_SEARCH_PATHS = "$(inherited) @executable_path/Frameworks";
				PRODUCT_NAME = "$(TARGET_NAME)";
			};
			name = Debug;
		};
		162566291B2BE6C700E1AC12 /* Release */ = {
			isa = XCBuildConfiguration;
			buildSettings = {
				ASSETCATALOG_COMPILER_APPICON_NAME = AppIcon;
				INFOPLIST_FILE = Foodo/Info.plist;
				LD_RUNPATH_SEARCH_PATHS = "$(inherited) @executable_path/Frameworks";
				PRODUCT_NAME = "$(TARGET_NAME)";
			};
			name = Release;
		};
		1625662B1B2BE6C700E1AC12 /* Debug */ = {
			isa = XCBuildConfiguration;
			buildSettings = {
				BUNDLE_LOADER = "$(TEST_HOST)";
				FRAMEWORK_SEARCH_PATHS = (
					"$(SDKROOT)/Developer/Library/Frameworks",
					"$(inherited)",
				);
				GCC_PREPROCESSOR_DEFINITIONS = (
					"DEBUG=1",
					"$(inherited)",
				);
				INFOPLIST_FILE = FoodoTests/Info.plist;
				LD_RUNPATH_SEARCH_PATHS = "$(inherited) @executable_path/Frameworks @loader_path/Frameworks";
				PRODUCT_NAME = "$(TARGET_NAME)";
				TEST_HOST = "$(BUILT_PRODUCTS_DIR)/Foodo.app/Foodo";
			};
			name = Debug;
		};
		1625662C1B2BE6C700E1AC12 /* Release */ = {
			isa = XCBuildConfiguration;
			buildSettings = {
				BUNDLE_LOADER = "$(TEST_HOST)";
				FRAMEWORK_SEARCH_PATHS = (
					"$(SDKROOT)/Developer/Library/Frameworks",
					"$(inherited)",
				);
				INFOPLIST_FILE = FoodoTests/Info.plist;
				LD_RUNPATH_SEARCH_PATHS = "$(inherited) @executable_path/Frameworks @loader_path/Frameworks";
				PRODUCT_NAME = "$(TARGET_NAME)";
				TEST_HOST = "$(BUILT_PRODUCTS_DIR)/Foodo.app/Foodo";
			};
			name = Release;
		};
/* End XCBuildConfiguration section */

/* Begin XCConfigurationList section */
		162566001B2BE6C600E1AC12 /* Build configuration list for PBXProject "Foodo" */ = {
			isa = XCConfigurationList;
			buildConfigurations = (
				162566251B2BE6C700E1AC12 /* Debug */,
				162566261B2BE6C700E1AC12 /* Release */,
			);
			defaultConfigurationIsVisible = 0;
			defaultConfigurationName = Release;
		};
		162566271B2BE6C700E1AC12 /* Build configuration list for PBXNativeTarget "Foodo" */ = {
			isa = XCConfigurationList;
			buildConfigurations = (
				162566281B2BE6C700E1AC12 /* Debug */,
				162566291B2BE6C700E1AC12 /* Release */,
			);
			defaultConfigurationIsVisible = 0;
		};
		1625662A1B2BE6C700E1AC12 /* Build configuration list for PBXNativeTarget "FoodoTests" */ = {
			isa = XCConfigurationList;
			buildConfigurations = (
				1625662B1B2BE6C700E1AC12 /* Debug */,
				1625662C1B2BE6C700E1AC12 /* Release */,
			);
			defaultConfigurationIsVisible = 0;
		};
/* End XCConfigurationList section */

/* Begin XCVersionGroup section */
		1625660C1B2BE6C700E1AC12 /* Foodo.xcdatamodeld */ = {
			isa = XCVersionGroup;
			children = (
				1625660D1B2BE6C700E1AC12 /* Foodo.xcdatamodel */,
			);
			currentVersion = 1625660D1B2BE6C700E1AC12 /* Foodo.xcdatamodel */;
			path = Foodo.xcdatamodeld;
			sourceTree = "<group>";
			versionGroupType = wrapper.xcdatamodel;
		};
/* End XCVersionGroup section */
	};
	rootObject = 162565FD1B2BE6C600E1AC12 /* Project object */;
}
